
Microsoft Visual Studio Solution File, Format Version 12.00
# Visual Studio Version 17
VisualStudioVersion = 17.9.34607.119
MinimumVisualStudioVersion = 10.0.40219.1
Project("{FAE04EC0-301F-11D3-BF4B-00C04F79EFBC}") = "bookGrabber", "bookGrabber\bookGrabber.csproj", "{08BAD872-EB13-4FBC-A588-2C7077A0A3C9}"
EndProject
Global
	GlobalSection(SolutionConfigurationPlatforms) = preSolution
		Debug|Any CPU = Debug|Any CPU
		Release|Any CPU = Release|Any CPU
	EndGlobalSection
	GlobalSection(ProjectConfigurationPlatforms) = postSolution
		{08BAD872-EB13-4FBC-A588-2C7077A0A3C9}.Debug|Any CPU.ActiveCfg = Debug|Any CPU
		{08BAD872-EB13-4FBC-A588-2C7077A0A3C9}.Debug|Any CPU.Build.0 = Debug|Any CPU
		{08BAD872-EB13-4FBC-A588-2C7077A0A3C9}.Release|Any CPU.ActiveCfg = Release|Any CPU
		{08BAD872-EB13-4FBC-A588-2C7077A0A3C9}.Release|Any CPU.Build.0 = Release|Any CPU
	EndGlobalSection
	GlobalSection(SolutionProperties) = preSolution
		HideSolutionNode = FALSE
	EndGlobalSection
	GlobalSection(ExtensibilityGlobals) = postSolution
		SolutionGuid = {921EFF7D-BDE5-4EDC-A3CB-5F888E68886C}
	EndGlobalSection
EndGlobal
